# iconotype codepoint lock — append-only.
# Changing an existing line is a BREAKING change for every consumer of this font.

barometer	U+e900
cloud	U+e901
coolant-temperature	U+e902
humidity	U+e903
leaf	U+e904
rain-snow	U+e905
raindrop	U+e906
refresh	U+e907
snowflake-cold	U+e908
snowflake-thermometer	U+e909
strong-wind	U+e90a
sunrise	U+e90b
sunset	U+e90c
theme-light-dark	U+e90d
thermometer-water	U+e90e
thermometer	U+e90f
wave-arrow-up	U+e910
waves-arrow-up	U+e911
weather-sunny-alert	U+e912
wind_0	U+e913
wind_1	U+e914
wind_2	U+e915
wind_3	U+e916
wind_4	U+e917
wind_5	U+e918
wind_6	U+e919
wind_7	U+e91a
windy	U+e91b
moon-first-quarter	U+e91c
moon-full	U+e91d
moon-new	U+e91e
moon-third-quarter	U+e91f
moon-waning-crescent-1	U+e920
moon-waning-crescent-2	U+e921
moon-waning-crescent-3	U+e922
moon-waning-crescent-4	U+e923
moon-waning-crescent-5	U+e924
moon-waning-crescent-6	U+e925
moon-waning-gibbous-1	U+e926
moon-waning-gibbous-2	U+e927
moon-waning-gibbous-3	U+e928
moon-waning-gibbous-4	U+e929
moon-waning-gibbous-5	U+e92a
moon-waning-gibbous-6	U+e92b
moon-waxing-crescent-1	U+e92c
moon-waxing-crescent-2	U+e92d
moon-waxing-crescent-3	U+e92e
moon-waxing-crescent-4	U+e92f
moon-waxing-crescent-5	U+e930
moon-waxing-crescent-6	U+e931
moon-waxing-gibbous-1	U+e932
moon-waxing-gibbous-2	U+e933
moon-waxing-gibbous-3	U+e934
moon-waxing-gibbous-4	U+e935
moon-waxing-gibbous-5	U+e936
moon-waxing-gibbous-6	U+e937
wind-beaufort-0	U+e938
wind-beaufort-1	U+e939
wind-beaufort-10	U+e93a
wind-beaufort-11	U+e93b
wind-beaufort-12	U+e93c
wind-beaufort-2	U+e93d
wind-beaufort-3	U+e93e
wind-beaufort-4	U+e93f
wind-beaufort-5	U+e940
wind-beaufort-6	U+e941
wind-beaufort-7	U+e942
wind-beaufort-8	U+e943
wind-beaufort-9	U+e944
snow-depth	U+e945
thermometer-high	U+e946
thermometer-low	U+e947
umbrella-outline	U+e948
