# iconotype codepoint lock — append-only.
# Changing an existing line is a BREAKING change for every consumer of this font.

alert	U+f0026
arrow-left	U+f004d
bullhorn	U+f00e6
chart-areaspline	U+f0127
chart-bar	U+f0128
chart-line	U+f012a
check	U+f012c
checkbox-blank-outline	U+f0131
checkbox-marked-outline	U+f0135
chevron-down	U+f0140
chevron-left	U+f0141
chevron-right	U+f0142
clock-outline	U+f0150
close	U+f0156
cloud-circle	U+f0161
content-copy	U+f018f
crosshairs-gps	U+f01a4
database	U+f01bc
dots-vertical	U+f01d9
drag-horizontal	U+f01dc
export	U+f0207
flower	U+f024a
format-size	U+f027f
fullscreen	U+f0293
fullscreen-exit	U+f0294
gauge	U+f029a
github	U+f02a4
heart	U+f02d1
history	U+f02da
information-outline	U+f02fd
key	U+f0306
layers	U+f0328
leaf	U+f032a
link-variant	U+f0339
magnify	U+f0349
map	U+f034d
map-marker-circle	U+f034f
menu	U+f035c
coolant-temperature	U+f03c8
open-in-app	U+f03cb
palette	U+f03d8
play	U+f040a
plus	U+f0415
radar	U+f0437
refresh	U+f0450
server	U+f048b
share-variant	U+f0497
speedometer	U+f04c5
star	U+f04ce
star-outline	U+f04d2
temperature-celsius	U+f0504
theme-light-dark	U+f050e
thermometer	U+f050f
timelapse	U+f051a
umbrella-outline	U+f054b
weather-partly-cloudy	U+f0595
weather-sunny	U+f0599
weather-sunset-down	U+f059b
weather-sunset-up	U+f059c
web	U+f059f
translate	U+f05ca
opacity	U+f05cc
animation	U+f05d8
check-circle-outline	U+f05e1
tune	U+f062e
cards-outline	U+f0639
snowflake	U+f0717
widgets	U+f072c
circle	U+f0765
circle-outline	U+f0766
waves	U+f078d
cogs	U+f08d6
map-plus	U+f0983
restore	U+f099b
bug-outline	U+f0a30
trash-can	U+f0a79
format-list-bulleted-square	U+f0dd0
snowflake-alert	U+f0f29
weather-sunny-alert	U+f0f37
layers-triple	U+f0f58
thermometer-high	U+f10c2
thermometer-low	U+f10c3
lightning-bolt	U+f140b
dots-grid	U+f15fc
circle-opacity	U+f1853
waves-arrow-up	U+f185b
sun-thermometer-outline	U+f18d7
snowflake-thermometer	U+f1a71
thermometer-water	U+f1a80
rename	U+f1c18
wave-arrow-up	U+f1cb1
